
Microsoft Visual Studio Solution File, Format Version 12.00
# Visual Studio 2013
VisualStudioVersion = 12.0.30110.0
MinimumVisualStudioVersion = 10.0.40219.1
Project("{FAE04EC0-301F-11D3-BF4B-00C04F79EFBC}") = "AngularPlanner", "AngularPlanner\AngularPlanner.csproj", "{CC2B350E-7310-4B5B-AEE5-57FFF3F2896C}"
EndProject
Project("{FAE04EC0-301F-11D3-BF4B-00C04F79EFBC}") = "AngularPlanner.Tests", "AngularPlanner.Tests\AngularPlanner.Tests.csproj", "{2BB8386C-0E26-441A-A66C-83738D80A963}"
EndProject
Project("{FAE04EC0-301F-11D3-BF4B-00C04F79EFBC}") = "AngularPlanner.Extensions", "AngularPlanner.Extensions\AngularPlanner.Extensions.csproj", "{B58B3760-05E0-4372-8160-5E4F3CF9BB7F}"
EndProject
Global
	GlobalSection(SolutionConfigurationPlatforms) = preSolution
		Debug|Any CPU = Debug|Any CPU
		Release|Any CPU = Release|Any CPU
	EndGlobalSection
	GlobalSection(ProjectConfigurationPlatforms) = postSolution
		{CC2B350E-7310-4B5B-AEE5-57FFF3F2896C}.Debug|Any CPU.ActiveCfg = Debug|Any CPU
		{CC2B350E-7310-4B5B-AEE5-57FFF3F2896C}.Debug|Any CPU.Build.0 = Debug|Any CPU
		{CC2B350E-7310-4B5B-AEE5-57FFF3F2896C}.Release|Any CPU.ActiveCfg = Release|Any CPU
		{CC2B350E-7310-4B5B-AEE5-57FFF3F2896C}.Release|Any CPU.Build.0 = Release|Any CPU
		{2BB8386C-0E26-441A-A66C-83738D80A963}.Debug|Any CPU.ActiveCfg = Debug|Any CPU
		{2BB8386C-0E26-441A-A66C-83738D80A963}.Debug|Any CPU.Build.0 = Debug|Any CPU
		{2BB8386C-0E26-441A-A66C-83738D80A963}.Release|Any CPU.ActiveCfg = Release|Any CPU
		{2BB8386C-0E26-441A-A66C-83738D80A963}.Release|Any CPU.Build.0 = Release|Any CPU
		{B58B3760-05E0-4372-8160-5E4F3CF9BB7F}.Debug|Any CPU.ActiveCfg = Debug|Any CPU
		{B58B3760-05E0-4372-8160-5E4F3CF9BB7F}.Debug|Any CPU.Build.0 = Debug|Any CPU
		{B58B3760-05E0-4372-8160-5E4F3CF9BB7F}.Release|Any CPU.ActiveCfg = Release|Any CPU
		{B58B3760-05E0-4372-8160-5E4F3CF9BB7F}.Release|Any CPU.Build.0 = Release|Any CPU
	EndGlobalSection
	GlobalSection(SolutionProperties) = preSolution
		HideSolutionNode = FALSE
	EndGlobalSection
	GlobalSection(Performance) = preSolution
		HasPerformanceSessions = true
	EndGlobalSection
EndGlobal
